{
  "dependencies": {
    "capped-array": {
      "version": "0.0.1"
    },
    "collections": {
      "version": "1.0.0",
      "dependencies": {
        "weak-map": {
          "version": "1.0.0"
        }
      }
    },
    "irc": {
      "version": "https://github.com/waartaa/node-irc/tarball/707e1d141ef86823601982eb650f70ea14ae2888",
      "dependencies": {
        "ansi-color": {
          "version": "0.2.1"
        }
      }
    },
    "locks": {
      "version": "0.1.0"
    },
    "newrelic": {
      "version": "1.2.0",
      "dependencies": {
        "bunyan": {
          "version": "0.14.6"
        },
        "continuation-local-storage": {
          "version": "2.6.2",
          "dependencies": {
            "emitter-listener": {
              "version": "1.0.1",
              "dependencies": {
                "shimmer": {
                  "version": "1.0.0"
                }
              }
            },
            "async-listener": {
              "version": "0.4.5",
              "dependencies": {
                "shimmer": {
                  "version": "1.0.0"
                }
              }
            }
          }
        }
      }
    }
  }
}
