{
  "meteor": {},
  "dependencies": {
    "basePackages": {
      "jquery-ui-bootstrap": {},
      "require": {},
      "presence": {},
      "bootstrap-3": {},
      "nodetime": {},
      "moment": {},
      "winston-loggly": {},
      "winston": {},
      "assert": {},
      "nprogress": {},
      "GAnalytics": {},
      "fast-render": {},
      "iron-router": {},
      "power-queue": {},
      "cron-tick": {},
      "npm": {},
      "HTML5-History-API": {},
      "page-js-ie-support": {},
      "crypto-md5": {},
      "jquery-titlealert": {},
      "accounts-ui-bootstrap-3": {}
    },
    "packages": {
      "jquery-ui-bootstrap": {
        "git": "https://github.com/TimHeckel/meteor-jquery-ui-bootstrap.git",
        "tag": "v0.1.2",
        "commit": "fa742a85639307003e105898e15b631394b63509"
      },
      "require": {
        "git": "https://github.com/tomconnors/meteor-require.git",
        "tag": "v0.1.0",
        "commit": "b9c5a87e9f92019cca882234086b7d32719f67e2"
      },
      "presence": {
        "git": "https://github.com/dburles/meteor-presence.git",
        "tag": "v0.4.6",
        "commit": "7acef78e008bf967c9b2e831c968a6618a92a90a"
      },
      "bootstrap-3": {
        "git": "https://github.com/mangasocial/meteor-bootstrap-3.git",
        "tag": "v3.2.0-1",
        "commit": "17a63902fc6cf1096c5289d963c66cf28b474727"
      },
      "nodetime": {
        "git": "https://github.com/subhog/meteor-nodetime.git",
        "tag": "v0.2.0",
        "commit": "3611684e29563e58ccbd6275c5885a31a60196d7"
      },
      "moment": {
        "git": "https://github.com/acreeger/meteor-moment.git",
        "tag": "v2.6.0",
        "commit": "26156df681750fd6e6ed77043eef32b6653ebbdf"
      },
      "winston-loggly": {
        "git": "https://github.com/tomrogers3/meteor-winston-loggly.git",
        "tag": "v0.0.3",
        "commit": "87ac23ce1134d778d53a3b99350921f9eb15358c"
      },
      "winston": {
        "git": "https://github.com/tomrogers3/meteor-winston.git",
        "tag": "v0.0.3",
        "commit": "60dc02303ca003ef05254f94fbb9bfd40915d5d3"
      },
      "assert": {
        "git": "https://github.com/peerlibrary/meteor-assert.git",
        "tag": "v0.2.4",
        "commit": "e81fb4ac29a621eafbd99e63660048a3c827c0fb"
      },
      "nprogress": {
        "git": "https://github.com/zhouzhuojie/meteor-nprogress.git",
        "tag": "v0.0.5",
        "commit": "bb88a057166e0f1386ab8bc0a1e080b48aa59159"
      },
      "GAnalytics": {
        "git": "https://github.com/datariot/meteor-ganalytics.git",
        "tag": "v0.2.0",
        "commit": "2d5e48d5cc4c2f88edd40c0b2341d378bd4a702b"
      },
      "fast-render": {
        "git": "https://github.com/arunoda/meteor-fast-render.git",
        "tag": "v0.2.8",
        "commit": "149984b1aff3a5642a270aff9bd9006872c8302e"
      },
      "iron-router": {
        "git": "https://github.com/EventedMind/iron-router.git",
        "tag": "v0.7.1",
        "commit": "d1ffb3f06ea4c112132b030f2eb1a70b81675ecb"
      },
      "power-queue": {
        "git": "https://github.com/CollectionFS/Meteor-power-queue.git",
        "tag": "v0.9.9",
        "commit": "567d3905784a8be6aacfbb69d477003ba9b5c4b5"
      },
      "cron-tick": {
        "git": "https://github.com/tmeasday/meteor-cron.git",
        "tag": "v0.0.4",
        "commit": "44cff9116af510fe53704fdeeff57c444ceb75ba"
      },
      "npm": {
        "git": "https://github.com/arunoda/meteor-npm.git",
        "tag": "v0.2.6",
        "commit": "177ab6118de5bf8cffb19481343d5762ff7a2aaf"
      },
      "HTML5-History-API": {
        "git": "https://github.com/tmeasday/meteor-HTML5-History-API.git",
        "tag": "v4.1.2",
        "commit": "b5fca79f9ae8936e5f748a04f475295f4fa1cc7a"
      },
      "page-js-ie-support": {
        "git": "https://github.com/tmeasday/meteor-page-js-ie-support.git",
        "tag": "v1.3.5",
        "commit": "b99ed8380aefd10b2afc8f18d9eed4dd0d8ea9cb"
      },
      "crypto-md5": {
        "git": "https://github.com/oortcloud/meteor-crypto-md5.git",
        "tag": "v3.1.2.2",
        "commit": "75bbb3eeace302122d3554a6212a6fe92553fa18"
      },
      "jquery-titlealert": {
        "git": "https://github.com/mjnovice/jquery-titlealert.git",
        "tag": "v0.0.2",
        "commit": "b258f2d34d8e8d3b1040414f81e9bc7b7be9bca1"
      },
      "accounts-ui-bootstrap-3": {
        "git": "https://github.com/mangasocial/meteor-accounts-ui-bootstrap-3.git",
        "tag": "v0.3.3",
        "commit": "2e50b605d8d5ed68e48c4529a65f13552d8af3f9"
      },
      "jquery-ui": {
        "git": "https://github.com/TimHeckel/meteor-jquery-ui.git",
        "tag": "v1.9.2",
        "commit": "c437d45edcf1367df8d5ffa8bad2867758030bd2"
      },
      "blaze-layout": {
        "git": "https://github.com/EventedMind/blaze-layout.git",
        "tag": "v0.2.4",
        "commit": "b40e9b0612329288d75cf52ad14a7da64bb8618f"
      },
      "reactive-property": {
        "git": "https://github.com/CollectionFS/Meteor-reactive-property.git",
        "tag": "v0.0.1",
        "commit": "f742b8656bb88fafff2a9c3a32ff1f97b3ebf2f7"
      },
      "micro-queue": {
        "git": "https://github.com/CollectionFS/Meteor-micro-queue.git",
        "tag": "v0.0.3",
        "commit": "70266ce2c273a12c5af17b5c056253936caabb01"
      },
      "reactive-list": {
        "git": "https://github.com/CollectionFS/Meteor-reactive-list.git",
        "tag": "v0.0.7",
        "commit": "5855e3795947145b20a331250113ce927060445b"
      },
      "crypto-base": {
        "git": "https://github.com/oortcloud/meteor-crypto-base.git",
        "tag": "v3.1.2.1",
        "commit": "5df8d82a0595553415bbfae2930c6ecbeece5794"
      }
    }
  }
}
